
Microsoft Visual Studio Solution File, Format Version 12.00
# Visual Studio 15
VisualStudioVersion = 15.0.28307.1022
MinimumVisualStudioVersion = 10.0.40219.1
Project("{FAE04EC0-301F-11D3-BF4B-00C04F79EFBC}") = "ArrayRotation", "ArrayRotation\ArrayRotation.csproj", "{DD05F160-9BC5-4F3D-8B48-F99A90862DC5}"
EndProject
Global
	GlobalSection(SolutionConfigurationPlatforms) = preSolution
		Debug|Any CPU = Debug|Any CPU
		Release|Any CPU = Release|Any CPU
	EndGlobalSection
	GlobalSection(ProjectConfigurationPlatforms) = postSolution
		{DD05F160-9BC5-4F3D-8B48-F99A90862DC5}.Debug|Any CPU.ActiveCfg = Debug|Any CPU
		{DD05F160-9BC5-4F3D-8B48-F99A90862DC5}.Debug|Any CPU.Build.0 = Debug|Any CPU
		{DD05F160-9BC5-4F3D-8B48-F99A90862DC5}.Release|Any CPU.ActiveCfg = Release|Any CPU
		{DD05F160-9BC5-4F3D-8B48-F99A90862DC5}.Release|Any CPU.Build.0 = Release|Any CPU
	EndGlobalSection
	GlobalSection(SolutionProperties) = preSolution
		HideSolutionNode = FALSE
	EndGlobalSection
	GlobalSection(ExtensibilityGlobals) = postSolution
		SolutionGuid = {4F77EEC5-3F8A-4509-B275-83F28D548A43}
	EndGlobalSection
EndGlobal
