
Microsoft Visual Studio Solution File, Format Version 12.00
# Visual Studio Version 16
VisualStudioVersion = 16.0.28803.156
MinimumVisualStudioVersion = 10.0.40219.1
Project("{9A19103F-16F7-4668-BE54-9A1E7A4F7556}") = "AreaCalculationWithoutOCP", "AreaCalculationWithoutOCP\AreaCalculationWithoutOCP.csproj", "{7CFC405F-F2C5-486D-8892-A5254FB933D6}"
EndProject
Project("{9A19103F-16F7-4668-BE54-9A1E7A4F7556}") = "AreaCalculationWithOCP", "AreaCalculationWithOCP\AreaCalculationWithOCP.csproj", "{BB6D4A32-C862-41EA-9653-5BB822BD55DC}"
EndProject
Project("{9A19103F-16F7-4668-BE54-9A1E7A4F7556}") = "SalaryCalculatorWithoutOCP", "SalaryCalculatorWithoutOCP\SalaryCalculatorWithoutOCP.csproj", "{9994F5C3-DC17-4484-B49E-0C09AE7183A4}"
EndProject
Project("{9A19103F-16F7-4668-BE54-9A1E7A4F7556}") = "SalaryCalculatorWithOCP", "SalaryCalculatorWithOCP\SalaryCalculatorWithOCP.csproj", "{5A40EC28-8325-4AEC-B07C-68492887F766}"
EndProject
Project("{9A19103F-16F7-4668-BE54-9A1E7A4F7556}") = "EmployeeBonusCalWithoutOCP", "EmployeeBonusCalWithoutOCP\EmployeeBonusCalWithoutOCP.csproj", "{3598812A-34F7-4CFC-BBEF-FECA24ECB5AE}"
EndProject
Project("{9A19103F-16F7-4668-BE54-9A1E7A4F7556}") = "EmployeeBonusCalWithOCP", "EmployeeBonusCalWithOCP\EmployeeBonusCalWithOCP.csproj", "{432852A2-F5AB-4D00-80EE-FD940D6EB6E9}"
EndProject
Project("{2150E333-8FDC-42A3-9474-1A3956D46DE8}") = "OCP", "OCP", "{21BD8398-4078-408B-B141-F06FC869E1FD}"
EndProject
Project("{2150E333-8FDC-42A3-9474-1A3956D46DE8}") = "LSP", "LSP", "{C4824515-210B-45A0-AABC-637BF4937DC6}"
EndProject
Project("{9A19103F-16F7-4668-BE54-9A1E7A4F7556}") = "QuadrilateralsLSP", "Quadrilaterals\QuadrilateralsLSP.csproj", "{7D50AAFB-5E2C-49AD-80AA-D8F4CBFDB396}"
EndProject
Project("{9A19103F-16F7-4668-BE54-9A1E7A4F7556}") = "AnimalLSPSolution", "AnimalLSPSolution\AnimalLSPSolution.csproj", "{FB10872D-8F5E-4F0C-93D4-A2E5318A5F0F}"
EndProject
Project("{9A19103F-16F7-4668-BE54-9A1E7A4F7556}") = "LSPExampleSQLFile", "LSPExampleSQLFile\LSPExampleSQLFile.csproj", "{E07E00C6-2C90-41BE-BB80-5BD7FC773CA7}"
EndProject
Project("{FAE04EC0-301F-11D3-BF4B-00C04F79EFBC}") = "EmployeeWithoutLSP", "EmployeeWithoutLSP\EmployeeWithoutLSP.csproj", "{A82BCEB7-C55F-47DE-BE2E-E61B82861734}"
EndProject
Project("{FAE04EC0-301F-11D3-BF4B-00C04F79EFBC}") = "EmployeeWithLSP", "EmployeeWithLSP\EmployeeWithLSP.csproj", "{3A1D645F-22CD-4F65-A2A5-60E02205AD0B}"
EndProject
Project("{2150E333-8FDC-42A3-9474-1A3956D46DE8}") = "ISP", "ISP", "{1BBD10CD-0AFA-400E-88D8-A28DFA596CA3}"
EndProject
Project("{FAE04EC0-301F-11D3-BF4B-00C04F79EFBC}") = "KudvenkatISP", "KudvenkatISP\KudvenkatISP.csproj", "{A8F21D12-0332-49DA-88F9-7F18DED82E4E}"
EndProject
Project("{2150E333-8FDC-42A3-9474-1A3956D46DE8}") = "DependencyInversion", "DependencyInversion", "{558E2CEC-8C0D-4E8C-AB8F-F8E8803DDC19}"
EndProject
Project("{FAE04EC0-301F-11D3-BF4B-00C04F79EFBC}") = "KudvenkatDI", "KudvenkatDI\KudvenkatDI.csproj", "{94B59008-D2C3-4CE9-8964-A46C4597B4D7}"
EndProject
Global
	GlobalSection(SolutionConfigurationPlatforms) = preSolution
		Debug|Any CPU = Debug|Any CPU
		Release|Any CPU = Release|Any CPU
	EndGlobalSection
	GlobalSection(ProjectConfigurationPlatforms) = postSolution
		{7CFC405F-F2C5-486D-8892-A5254FB933D6}.Debug|Any CPU.ActiveCfg = Debug|Any CPU
		{7CFC405F-F2C5-486D-8892-A5254FB933D6}.Debug|Any CPU.Build.0 = Debug|Any CPU
		{7CFC405F-F2C5-486D-8892-A5254FB933D6}.Release|Any CPU.ActiveCfg = Release|Any CPU
		{7CFC405F-F2C5-486D-8892-A5254FB933D6}.Release|Any CPU.Build.0 = Release|Any CPU
		{BB6D4A32-C862-41EA-9653-5BB822BD55DC}.Debug|Any CPU.ActiveCfg = Debug|Any CPU
		{BB6D4A32-C862-41EA-9653-5BB822BD55DC}.Debug|Any CPU.Build.0 = Debug|Any CPU
		{BB6D4A32-C862-41EA-9653-5BB822BD55DC}.Release|Any CPU.ActiveCfg = Release|Any CPU
		{BB6D4A32-C862-41EA-9653-5BB822BD55DC}.Release|Any CPU.Build.0 = Release|Any CPU
		{9994F5C3-DC17-4484-B49E-0C09AE7183A4}.Debug|Any CPU.ActiveCfg = Debug|Any CPU
		{9994F5C3-DC17-4484-B49E-0C09AE7183A4}.Debug|Any CPU.Build.0 = Debug|Any CPU
		{9994F5C3-DC17-4484-B49E-0C09AE7183A4}.Release|Any CPU.ActiveCfg = Release|Any CPU
		{9994F5C3-DC17-4484-B49E-0C09AE7183A4}.Release|Any CPU.Build.0 = Release|Any CPU
		{5A40EC28-8325-4AEC-B07C-68492887F766}.Debug|Any CPU.ActiveCfg = Debug|Any CPU
		{5A40EC28-8325-4AEC-B07C-68492887F766}.Debug|Any CPU.Build.0 = Debug|Any CPU
		{5A40EC28-8325-4AEC-B07C-68492887F766}.Release|Any CPU.ActiveCfg = Release|Any CPU
		{5A40EC28-8325-4AEC-B07C-68492887F766}.Release|Any CPU.Build.0 = Release|Any CPU
		{3598812A-34F7-4CFC-BBEF-FECA24ECB5AE}.Debug|Any CPU.ActiveCfg = Debug|Any CPU
		{3598812A-34F7-4CFC-BBEF-FECA24ECB5AE}.Debug|Any CPU.Build.0 = Debug|Any CPU
		{3598812A-34F7-4CFC-BBEF-FECA24ECB5AE}.Release|Any CPU.ActiveCfg = Release|Any CPU
		{3598812A-34F7-4CFC-BBEF-FECA24ECB5AE}.Release|Any CPU.Build.0 = Release|Any CPU
		{432852A2-F5AB-4D00-80EE-FD940D6EB6E9}.Debug|Any CPU.ActiveCfg = Debug|Any CPU
		{432852A2-F5AB-4D00-80EE-FD940D6EB6E9}.Debug|Any CPU.Build.0 = Debug|Any CPU
		{432852A2-F5AB-4D00-80EE-FD940D6EB6E9}.Release|Any CPU.ActiveCfg = Release|Any CPU
		{432852A2-F5AB-4D00-80EE-FD940D6EB6E9}.Release|Any CPU.Build.0 = Release|Any CPU
		{7D50AAFB-5E2C-49AD-80AA-D8F4CBFDB396}.Debug|Any CPU.ActiveCfg = Debug|Any CPU
		{7D50AAFB-5E2C-49AD-80AA-D8F4CBFDB396}.Debug|Any CPU.Build.0 = Debug|Any CPU
		{7D50AAFB-5E2C-49AD-80AA-D8F4CBFDB396}.Release|Any CPU.ActiveCfg = Release|Any CPU
		{7D50AAFB-5E2C-49AD-80AA-D8F4CBFDB396}.Release|Any CPU.Build.0 = Release|Any CPU
		{FB10872D-8F5E-4F0C-93D4-A2E5318A5F0F}.Debug|Any CPU.ActiveCfg = Debug|Any CPU
		{FB10872D-8F5E-4F0C-93D4-A2E5318A5F0F}.Debug|Any CPU.Build.0 = Debug|Any CPU
		{FB10872D-8F5E-4F0C-93D4-A2E5318A5F0F}.Release|Any CPU.ActiveCfg = Release|Any CPU
		{FB10872D-8F5E-4F0C-93D4-A2E5318A5F0F}.Release|Any CPU.Build.0 = Release|Any CPU
		{E07E00C6-2C90-41BE-BB80-5BD7FC773CA7}.Debug|Any CPU.ActiveCfg = Debug|Any CPU
		{E07E00C6-2C90-41BE-BB80-5BD7FC773CA7}.Debug|Any CPU.Build.0 = Debug|Any CPU
		{E07E00C6-2C90-41BE-BB80-5BD7FC773CA7}.Release|Any CPU.ActiveCfg = Release|Any CPU
		{E07E00C6-2C90-41BE-BB80-5BD7FC773CA7}.Release|Any CPU.Build.0 = Release|Any CPU
		{A82BCEB7-C55F-47DE-BE2E-E61B82861734}.Debug|Any CPU.ActiveCfg = Debug|Any CPU
		{A82BCEB7-C55F-47DE-BE2E-E61B82861734}.Debug|Any CPU.Build.0 = Debug|Any CPU
		{A82BCEB7-C55F-47DE-BE2E-E61B82861734}.Release|Any CPU.ActiveCfg = Release|Any CPU
		{A82BCEB7-C55F-47DE-BE2E-E61B82861734}.Release|Any CPU.Build.0 = Release|Any CPU
		{3A1D645F-22CD-4F65-A2A5-60E02205AD0B}.Debug|Any CPU.ActiveCfg = Debug|Any CPU
		{3A1D645F-22CD-4F65-A2A5-60E02205AD0B}.Debug|Any CPU.Build.0 = Debug|Any CPU
		{3A1D645F-22CD-4F65-A2A5-60E02205AD0B}.Release|Any CPU.ActiveCfg = Release|Any CPU
		{3A1D645F-22CD-4F65-A2A5-60E02205AD0B}.Release|Any CPU.Build.0 = Release|Any CPU
		{A8F21D12-0332-49DA-88F9-7F18DED82E4E}.Debug|Any CPU.ActiveCfg = Debug|Any CPU
		{A8F21D12-0332-49DA-88F9-7F18DED82E4E}.Debug|Any CPU.Build.0 = Debug|Any CPU
		{A8F21D12-0332-49DA-88F9-7F18DED82E4E}.Release|Any CPU.ActiveCfg = Release|Any CPU
		{A8F21D12-0332-49DA-88F9-7F18DED82E4E}.Release|Any CPU.Build.0 = Release|Any CPU
		{94B59008-D2C3-4CE9-8964-A46C4597B4D7}.Debug|Any CPU.ActiveCfg = Debug|Any CPU
		{94B59008-D2C3-4CE9-8964-A46C4597B4D7}.Debug|Any CPU.Build.0 = Debug|Any CPU
		{94B59008-D2C3-4CE9-8964-A46C4597B4D7}.Release|Any CPU.ActiveCfg = Release|Any CPU
		{94B59008-D2C3-4CE9-8964-A46C4597B4D7}.Release|Any CPU.Build.0 = Release|Any CPU
	EndGlobalSection
	GlobalSection(SolutionProperties) = preSolution
		HideSolutionNode = FALSE
	EndGlobalSection
	GlobalSection(NestedProjects) = preSolution
		{7CFC405F-F2C5-486D-8892-A5254FB933D6} = {21BD8398-4078-408B-B141-F06FC869E1FD}
		{BB6D4A32-C862-41EA-9653-5BB822BD55DC} = {21BD8398-4078-408B-B141-F06FC869E1FD}
		{9994F5C3-DC17-4484-B49E-0C09AE7183A4} = {21BD8398-4078-408B-B141-F06FC869E1FD}
		{5A40EC28-8325-4AEC-B07C-68492887F766} = {21BD8398-4078-408B-B141-F06FC869E1FD}
		{3598812A-34F7-4CFC-BBEF-FECA24ECB5AE} = {21BD8398-4078-408B-B141-F06FC869E1FD}
		{432852A2-F5AB-4D00-80EE-FD940D6EB6E9} = {21BD8398-4078-408B-B141-F06FC869E1FD}
		{7D50AAFB-5E2C-49AD-80AA-D8F4CBFDB396} = {C4824515-210B-45A0-AABC-637BF4937DC6}
		{FB10872D-8F5E-4F0C-93D4-A2E5318A5F0F} = {C4824515-210B-45A0-AABC-637BF4937DC6}
		{E07E00C6-2C90-41BE-BB80-5BD7FC773CA7} = {C4824515-210B-45A0-AABC-637BF4937DC6}
		{A82BCEB7-C55F-47DE-BE2E-E61B82861734} = {C4824515-210B-45A0-AABC-637BF4937DC6}
		{3A1D645F-22CD-4F65-A2A5-60E02205AD0B} = {C4824515-210B-45A0-AABC-637BF4937DC6}
		{A8F21D12-0332-49DA-88F9-7F18DED82E4E} = {1BBD10CD-0AFA-400E-88D8-A28DFA596CA3}
		{94B59008-D2C3-4CE9-8964-A46C4597B4D7} = {558E2CEC-8C0D-4E8C-AB8F-F8E8803DDC19}
	EndGlobalSection
	GlobalSection(ExtensibilityGlobals) = postSolution
		SolutionGuid = {1994EC4E-0318-4FD0-96B0-3A568848E343}
	EndGlobalSection
EndGlobal
