
Microsoft Visual Studio Solution File, Format Version 12.00
# Visual Studio 15
VisualStudioVersion = 15.0.28307.271
MinimumVisualStudioVersion = 10.0.40219.1
Project("{9A19103F-16F7-4668-BE54-9A1E7A4F7556}") = "SimpleFactoryPattern", "FactoryPatterns\SimpleFactoryPattern.csproj", "{F5F41690-49D8-4CE6-8E0B-3B09B82E65B6}"
EndProject
Project("{FAE04EC0-301F-11D3-BF4B-00C04F79EFBC}") = "FactoryMethodPattern", "FactoryMethodPattern\FactoryMethodPattern.csproj", "{5F1581D3-6684-4ADA-B231-7D85CC2BD87A}"
EndProject
Global
	GlobalSection(SolutionConfigurationPlatforms) = preSolution
		Debug|Any CPU = Debug|Any CPU
		Release|Any CPU = Release|Any CPU
	EndGlobalSection
	GlobalSection(ProjectConfigurationPlatforms) = postSolution
		{F5F41690-49D8-4CE6-8E0B-3B09B82E65B6}.Debug|Any CPU.ActiveCfg = Debug|Any CPU
		{F5F41690-49D8-4CE6-8E0B-3B09B82E65B6}.Debug|Any CPU.Build.0 = Debug|Any CPU
		{F5F41690-49D8-4CE6-8E0B-3B09B82E65B6}.Release|Any CPU.ActiveCfg = Release|Any CPU
		{F5F41690-49D8-4CE6-8E0B-3B09B82E65B6}.Release|Any CPU.Build.0 = Release|Any CPU
		{5F1581D3-6684-4ADA-B231-7D85CC2BD87A}.Debug|Any CPU.ActiveCfg = Debug|Any CPU
		{5F1581D3-6684-4ADA-B231-7D85CC2BD87A}.Debug|Any CPU.Build.0 = Debug|Any CPU
		{5F1581D3-6684-4ADA-B231-7D85CC2BD87A}.Release|Any CPU.ActiveCfg = Release|Any CPU
		{5F1581D3-6684-4ADA-B231-7D85CC2BD87A}.Release|Any CPU.Build.0 = Release|Any CPU
	EndGlobalSection
	GlobalSection(SolutionProperties) = preSolution
		HideSolutionNode = FALSE
	EndGlobalSection
	GlobalSection(ExtensibilityGlobals) = postSolution
		SolutionGuid = {5B6D7128-01C8-41D9-8B1B-5BF6665739D1}
	EndGlobalSection
EndGlobal
